{
  "name": "js_test_one",
  "version": "1.0.0",
  "lockfileVersion": 2,
  "requires": true,
  "packages": {
    "": {
      "name": "js_test_one",
      "version": "1.0.0",
      "license": "ISC",
      "dependencies": {
        "netmask": "^1.0.4"
      }
    },
    "node_modules/netmask": {
      "version": "1.0.4",
      "resolved": "https://registry.npmjs.org/netmask/-/netmask-1.0.4.tgz",
      "integrity": "sha1-xEoa2TJZ1bQ6xalA7Xy7ZwxuKQc=",
      "engines": {
        "node": ">= 0.4.0"
      }
    }
  },
  "dependencies": {
    "netmask": {
      "version": "1.0.4",
      "resolved": "https://registry.npmjs.org/netmask/-/netmask-1.0.4.tgz",
      "integrity": "sha1-xEoa2TJZ1bQ6xalA7Xy7ZwxuKQc="
    }
  }
}
